// !$*UTF8*$!
{
	archiveVersion = 1;
	classes = {
	};
	objectVersion = 50;
	objects = {

/* Begin PBXBuildFile section */
		24A2395323BCC64900D55B5D /* Note.swift in Sources */ = {isa = PBXBuildFile; fileRef = 24A2395223BCC64900D55B5D /* Note.swift */; };
		24D516A223BC8117002745EA /* AppDelegate.swift in Sources */ = {isa = PBXBuildFile; fileRef = 24D516A123BC8117002745EA /* AppDelegate.swift */; };
		24D516A423BC8117002745EA /* SceneDelegate.swift in Sources */ = {isa = PBXBuildFile; fileRef = 24D516A323BC8117002745EA /* SceneDelegate.swift */; };
		24D516AB23BC8117002745EA /* Main.storyboard in Resources */ = {isa = PBXBuildFile; fileRef = 24D516A923BC8117002745EA /* Main.storyboard */; };
		24D516AD23BC811B002745EA /* Assets.xcassets in Resources */ = {isa = PBXBuildFile; fileRef = 24D516AC23BC811B002745EA /* Assets.xcassets */; };
		24D516B023BC811B002745EA /* LaunchScreen.storyboard in Resources */ = {isa = PBXBuildFile; fileRef = 24D516AE23BC811B002745EA /* LaunchScreen.storyboard */; };
		24D516BB23BC811B002745EA /* QNotesTests.swift in Sources */ = {isa = PBXBuildFile; fileRef = 24D516BA23BC811B002745EA /* QNotesTests.swift */; };
		24D516C623BC811B002745EA /* QNotesUITests.swift in Sources */ = {isa = PBXBuildFile; fileRef = 24D516C523BC811B002745EA /* QNotesUITests.swift */; };
		24D516DD23BC8EEF002745EA /* EditNotePresenter.swift in Sources */ = {isa = PBXBuildFile; fileRef = 24D516D723BC8EEF002745EA /* EditNotePresenter.swift */; };
		24D516DE23BC8EEF002745EA /* EditNoteWorker.swift in Sources */ = {isa = PBXBuildFile; fileRef = 24D516D823BC8EEF002745EA /* EditNoteWorker.swift */; };
		24D516DF23BC8EEF002745EA /* EditNoteRouter.swift in Sources */ = {isa = PBXBuildFile; fileRef = 24D516D923BC8EEF002745EA /* EditNoteRouter.swift */; };
		24D516E023BC8EEF002745EA /* EditNoteModels.swift in Sources */ = {isa = PBXBuildFile; fileRef = 24D516DA23BC8EEF002745EA /* EditNoteModels.swift */; };
		24D516E123BC8EEF002745EA /* EditNoteViewController.swift in Sources */ = {isa = PBXBuildFile; fileRef = 24D516DB23BC8EEF002745EA /* EditNoteViewController.swift */; };
		24D516E223BC8EEF002745EA /* EditNoteInteractor.swift in Sources */ = {isa = PBXBuildFile; fileRef = 24D516DC23BC8EEF002745EA /* EditNoteInteractor.swift */; };
		24D516EA23BC90A2002745EA /* ListFoldersPresenter.swift in Sources */ = {isa = PBXBuildFile; fileRef = 24D516E423BC90A2002745EA /* ListFoldersPresenter.swift */; };
		24D516EB23BC90A2002745EA /* ListFoldersWorker.swift in Sources */ = {isa = PBXBuildFile; fileRef = 24D516E523BC90A2002745EA /* ListFoldersWorker.swift */; };
		24D516EC23BC90A2002745EA /* ListFoldersRouter.swift in Sources */ = {isa = PBXBuildFile; fileRef = 24D516E623BC90A2002745EA /* ListFoldersRouter.swift */; };
		24D516ED23BC90A2002745EA /* ListFoldersModels.swift in Sources */ = {isa = PBXBuildFile; fileRef = 24D516E723BC90A2002745EA /* ListFoldersModels.swift */; };
		24D516EE23BC90A2002745EA /* ListFoldersViewController.swift in Sources */ = {isa = PBXBuildFile; fileRef = 24D516E823BC90A2002745EA /* ListFoldersViewController.swift */; };
		24D516EF23BC90A2002745EA /* ListFoldersInteractor.swift in Sources */ = {isa = PBXBuildFile; fileRef = 24D516E923BC90A2002745EA /* ListFoldersInteractor.swift */; };
		24D516F623BC90C3002745EA /* RecycleBinPresenter.swift in Sources */ = {isa = PBXBuildFile; fileRef = 24D516F023BC90C3002745EA /* RecycleBinPresenter.swift */; };
		24D516F723BC90C3002745EA /* RecycleBinWorker.swift in Sources */ = {isa = PBXBuildFile; fileRef = 24D516F123BC90C3002745EA /* RecycleBinWorker.swift */; };
		24D516F823BC90C3002745EA /* RecycleBinRouter.swift in Sources */ = {isa = PBXBuildFile; fileRef = 24D516F223BC90C3002745EA /* RecycleBinRouter.swift */; };
		24D516F923BC90C3002745EA /* RecycleBinModels.swift in Sources */ = {isa = PBXBuildFile; fileRef = 24D516F323BC90C3002745EA /* RecycleBinModels.swift */; };
		24D516FA23BC90C3002745EA /* RecycleBinViewController.swift in Sources */ = {isa = PBXBuildFile; fileRef = 24D516F423BC90C3002745EA /* RecycleBinViewController.swift */; };
		24D516FB23BC90C3002745EA /* RecycleBinInteractor.swift in Sources */ = {isa = PBXBuildFile; fileRef = 24D516F523BC90C3002745EA /* RecycleBinInteractor.swift */; };
		24D5170223BC910A002745EA /* ListNotesPresenter.swift in Sources */ = {isa = PBXBuildFile; fileRef = 24D516FC23BC910A002745EA /* ListNotesPresenter.swift */; };
		24D5170323BC910A002745EA /* ListNotesWorker.swift in Sources */ = {isa = PBXBuildFile; fileRef = 24D516FD23BC910A002745EA /* ListNotesWorker.swift */; };
		24D5170423BC910A002745EA /* ListNotesRouter.swift in Sources */ = {isa = PBXBuildFile; fileRef = 24D516FE23BC910A002745EA /* ListNotesRouter.swift */; };
		24D5170523BC910A002745EA /* ListNotesModels.swift in Sources */ = {isa = PBXBuildFile; fileRef = 24D516FF23BC910A002745EA /* ListNotesModels.swift */; };
		24D5170623BC910A002745EA /* ListNotesViewController.swift in Sources */ = {isa = PBXBuildFile; fileRef = 24D5170023BC910A002745EA /* ListNotesViewController.swift */; };
		24D5170723BC910A002745EA /* ListNotesInteractor.swift in Sources */ = {isa = PBXBuildFile; fileRef = 24D5170123BC910A002745EA /* ListNotesInteractor.swift */; };
/* End PBXBuildFile section */

/* Begin PBXContainerItemProxy section */
		24D516B723BC811B002745EA /* PBXContainerItemProxy */ = {
			isa = PBXContainerItemProxy;
			containerPortal = 24D5169623BC8117002745EA /* Project object */;
			proxyType = 1;
			remoteGlobalIDString = 24D5169D23BC8117002745EA;
			remoteInfo = QNotes;
		};
		24D516C223BC811B002745EA /* PBXContainerItemProxy */ = {
			isa = PBXContainerItemProxy;
			containerPortal = 24D5169623BC8117002745EA /* Project object */;
			proxyType = 1;
			remoteGlobalIDString = 24D5169D23BC8117002745EA;
			remoteInfo = QNotes;
		};
/* End PBXContainerItemProxy section */

/* Begin PBXFileReference section */
		24A2395223BCC64900D55B5D /* Note.swift */ = {isa = PBXFileReference; lastKnownFileType = sourcecode.swift; path = Note.swift; sourceTree = "<group>"; };
		24D5169E23BC8117002745EA /* QNotes.app */ = {isa = PBXFileReference; explicitFileType = wrapper.application; includeInIndex = 0; path = QNotes.app; sourceTree = BUILT_PRODUCTS_DIR; };
		24D516A123BC8117002745EA /* AppDelegate.swift */ = {isa = PBXFileReference; lastKnownFileType = sourcecode.swift; path = AppDelegate.swift; sourceTree = "<group>"; };
		24D516A323BC8117002745EA /* SceneDelegate.swift */ = {isa = PBXFileReference; lastKnownFileType = sourcecode.swift; path = SceneDelegate.swift; sourceTree = "<group>"; };
		24D516AA23BC8117002745EA /* Base */ = {isa = PBXFileReference; lastKnownFileType = file.storyboard; name = Base; path = Base.lproj/Main.storyboard; sourceTree = "<group>"; };
		24D516AC23BC811B002745EA /* Assets.xcassets */ = {isa = PBXFileReference; lastKnownFileType = folder.assetcatalog; path = Assets.xcassets; sourceTree = "<group>"; };
		24D516AF23BC811B002745EA /* Base */ = {isa = PBXFileReference; lastKnownFileType = file.storyboard; name = Base; path = Base.lproj/LaunchScreen.storyboard; sourceTree = "<group>"; };
		24D516B123BC811B002745EA /* Info.plist */ = {isa = PBXFileReference; lastKnownFileType = text.plist.xml; path = Info.plist; sourceTree = "<group>"; };
		24D516B623BC811B002745EA /* QNotesTests.xctest */ = {isa = PBXFileReference; explicitFileType = wrapper.cfbundle; includeInIndex = 0; path = QNotesTests.xctest; sourceTree = BUILT_PRODUCTS_DIR; };
		24D516BA23BC811B002745EA /* QNotesTests.swift */ = {isa = PBXFileReference; lastKnownFileType = sourcecode.swift; path = QNotesTests.swift; sourceTree = "<group>"; };
		24D516BC23BC811B002745EA /* Info.plist */ = {isa = PBXFileReference; lastKnownFileType = text.plist.xml; path = Info.plist; sourceTree = "<group>"; };
		24D516C123BC811B002745EA /* QNotesUITests.xctest */ = {isa = PBXFileReference; explicitFileType = wrapper.cfbundle; includeInIndex = 0; path = QNotesUITests.xctest; sourceTree = BUILT_PRODUCTS_DIR; };
		24D516C523BC811B002745EA /* QNotesUITests.swift */ = {isa = PBXFileReference; lastKnownFileType = sourcecode.swift; path = QNotesUITests.swift; sourceTree = "<group>"; };
		24D516C723BC811B002745EA /* Info.plist */ = {isa = PBXFileReference; lastKnownFileType = text.plist.xml; path = Info.plist; sourceTree = "<group>"; };
		24D516D723BC8EEF002745EA /* EditNotePresenter.swift */ = {isa = PBXFileReference; lastKnownFileType = sourcecode.swift; path = EditNotePresenter.swift; sourceTree = "<group>"; };
		24D516D823BC8EEF002745EA /* EditNoteWorker.swift */ = {isa = PBXFileReference; lastKnownFileType = sourcecode.swift; path = EditNoteWorker.swift; sourceTree = "<group>"; };
		24D516D923BC8EEF002745EA /* EditNoteRouter.swift */ = {isa = PBXFileReference; lastKnownFileType = sourcecode.swift; path = EditNoteRouter.swift; sourceTree = "<group>"; };
		24D516DA23BC8EEF002745EA /* EditNoteModels.swift */ = {isa = PBXFileReference; lastKnownFileType = sourcecode.swift; path = EditNoteModels.swift; sourceTree = "<group>"; };
		24D516DB23BC8EEF002745EA /* EditNoteViewController.swift */ = {isa = PBXFileReference; lastKnownFileType = sourcecode.swift; path = EditNoteViewController.swift; sourceTree = "<group>"; };
		24D516DC23BC8EEF002745EA /* EditNoteInteractor.swift */ = {isa = PBXFileReference; lastKnownFileType = sourcecode.swift; path = EditNoteInteractor.swift; sourceTree = "<group>"; };
		24D516E423BC90A2002745EA /* ListFoldersPresenter.swift */ = {isa = PBXFileReference; lastKnownFileType = sourcecode.swift; path = ListFoldersPresenter.swift; sourceTree = "<group>"; };
		24D516E523BC90A2002745EA /* ListFoldersWorker.swift */ = {isa = PBXFileReference; lastKnownFileType = sourcecode.swift; path = ListFoldersWorker.swift; sourceTree = "<group>"; };
		24D516E623BC90A2002745EA /* ListFoldersRouter.swift */ = {isa = PBXFileReference; lastKnownFileType = sourcecode.swift; path = ListFoldersRouter.swift; sourceTree = "<group>"; };
		24D516E723BC90A2002745EA /* ListFoldersModels.swift */ = {isa = PBXFileReference; lastKnownFileType = sourcecode.swift; path = ListFoldersModels.swift; sourceTree = "<group>"; };
		24D516E823BC90A2002745EA /* ListFoldersViewController.swift */ = {isa = PBXFileReference; lastKnownFileType = sourcecode.swift; path = ListFoldersViewController.swift; sourceTree = "<group>"; };
		24D516E923BC90A2002745EA /* ListFoldersInteractor.swift */ = {isa = PBXFileReference; lastKnownFileType = sourcecode.swift; path = ListFoldersInteractor.swift; sourceTree = "<group>"; };
		24D516F023BC90C3002745EA /* RecycleBinPresenter.swift */ = {isa = PBXFileReference; lastKnownFileType = sourcecode.swift; path = RecycleBinPresenter.swift; sourceTree = "<group>"; };
		24D516F123BC90C3002745EA /* RecycleBinWorker.swift */ = {isa = PBXFileReference; lastKnownFileType = sourcecode.swift; path = RecycleBinWorker.swift; sourceTree = "<group>"; };
		24D516F223BC90C3002745EA /* RecycleBinRouter.swift */ = {isa = PBXFileReference; lastKnownFileType = sourcecode.swift; path = RecycleBinRouter.swift; sourceTree = "<group>"; };
		24D516F323BC90C3002745EA /* RecycleBinModels.swift */ = {isa = PBXFileReference; lastKnownFileType = sourcecode.swift; path = RecycleBinModels.swift; sourceTree = "<group>"; };
		24D516F423BC90C3002745EA /* RecycleBinViewController.swift */ = {isa = PBXFileReference; lastKnownFileType = sourcecode.swift; path = RecycleBinViewController.swift; sourceTree = "<group>"; };
		24D516F523BC90C3002745EA /* RecycleBinInteractor.swift */ = {isa = PBXFileReference; lastKnownFileType = sourcecode.swift; path = RecycleBinInteractor.swift; sourceTree = "<group>"; };
		24D516FC23BC910A002745EA /* ListNotesPresenter.swift */ = {isa = PBXFileReference; lastKnownFileType = sourcecode.swift; path = ListNotesPresenter.swift; sourceTree = "<group>"; };
		24D516FD23BC910A002745EA /* ListNotesWorker.swift */ = {isa = PBXFileReference; lastKnownFileType = sourcecode.swift; path = ListNotesWorker.swift; sourceTree = "<group>"; };
		24D516FE23BC910A002745EA /* ListNotesRouter.swift */ = {isa = PBXFileReference; lastKnownFileType = sourcecode.swift; path = ListNotesRouter.swift; sourceTree = "<group>"; };
		24D516FF23BC910A002745EA /* ListNotesModels.swift */ = {isa = PBXFileReference; lastKnownFileType = sourcecode.swift; path = ListNotesModels.swift; sourceTree = "<group>"; };
		24D5170023BC910A002745EA /* ListNotesViewController.swift */ = {isa = PBXFileReference; lastKnownFileType = sourcecode.swift; path = ListNotesViewController.swift; sourceTree = "<group>"; };
		24D5170123BC910A002745EA /* ListNotesInteractor.swift */ = {isa = PBXFileReference; lastKnownFileType = sourcecode.swift; path = ListNotesInteractor.swift; sourceTree = "<group>"; };
/* End PBXFileReference section */

/* Begin PBXFrameworksBuildPhase section */
		24D5169B23BC8117002745EA /* Frameworks */ = {
			isa = PBXFrameworksBuildPhase;
			buildActionMask = 2147483647;
			files = (
			);
			runOnlyForDeploymentPostprocessing = 0;
		};
		24D516B323BC811B002745EA /* Frameworks */ = {
			isa = PBXFrameworksBuildPhase;
			buildActionMask = 2147483647;
			files = (
			);
			runOnlyForDeploymentPostprocessing = 0;
		};
		24D516BE23BC811B002745EA /* Frameworks */ = {
			isa = PBXFrameworksBuildPhase;
			buildActionMask = 2147483647;
			files = (
			);
			runOnlyForDeploymentPostprocessing = 0;
		};
/* End PBXFrameworksBuildPhase section */

/* Begin PBXGroup section */
		24A2395123BCC5E600D55B5D /* Models */ = {
			isa = PBXGroup;
			children = (
				24A2395223BCC64900D55B5D /* Note.swift */,
			);
			path = Models;
			sourceTree = "<group>";
		};
		24D5169523BC8117002745EA = {
			isa = PBXGroup;
			children = (
				24D516A023BC8117002745EA /* QNotes */,
				24D516B923BC811B002745EA /* QNotesTests */,
				24D516C423BC811B002745EA /* QNotesUITests */,
				24D5169F23BC8117002745EA /* Products */,
			);
			sourceTree = "<group>";
		};
		24D5169F23BC8117002745EA /* Products */ = {
			isa = PBXGroup;
			children = (
				24D5169E23BC8117002745EA /* QNotes.app */,
				24D516B623BC811B002745EA /* QNotesTests.xctest */,
				24D516C123BC811B002745EA /* QNotesUITests.xctest */,
			);
			name = Products;
			sourceTree = "<group>";
		};
		24D516A023BC8117002745EA /* QNotes */ = {
			isa = PBXGroup;
			children = (
				24A2395123BCC5E600D55B5D /* Models */,
				24D516D323BC8D7D002745EA /* Scenes */,
				24D516A123BC8117002745EA /* AppDelegate.swift */,
				24D516A323BC8117002745EA /* SceneDelegate.swift */,
				24D516A923BC8117002745EA /* Main.storyboard */,
				24D516AC23BC811B002745EA /* Assets.xcassets */,
				24D516AE23BC811B002745EA /* LaunchScreen.storyboard */,
				24D516B123BC811B002745EA /* Info.plist */,
			);
			path = QNotes;
			sourceTree = "<group>";
		};
		24D516B923BC811B002745EA /* QNotesTests */ = {
			isa = PBXGroup;
			children = (
				24D516BA23BC811B002745EA /* QNotesTests.swift */,
				24D516BC23BC811B002745EA /* Info.plist */,
			);
			path = QNotesTests;
			sourceTree = "<group>";
		};
		24D516C423BC811B002745EA /* QNotesUITests */ = {
			isa = PBXGroup;
			children = (
				24D516C523BC811B002745EA /* QNotesUITests.swift */,
				24D516C723BC811B002745EA /* Info.plist */,
			);
			path = QNotesUITests;
			sourceTree = "<group>";
		};
		24D516D323BC8D7D002745EA /* Scenes */ = {
			isa = PBXGroup;
			children = (
				24D516E323BC9086002745EA /* ListFolders */,
				24D516D623BC8D9F002745EA /* RecycleBin */,
				24D516D523BC8D96002745EA /* ListNotes (Active Folder) */,
				24D516D423BC8D8A002745EA /* EditNote */,
			);
			path = Scenes;
			sourceTree = "<group>";
		};
		24D516D423BC8D8A002745EA /* EditNote */ = {
			isa = PBXGroup;
			children = (
				24D516D723BC8EEF002745EA /* EditNotePresenter.swift */,
				24D516D823BC8EEF002745EA /* EditNoteWorker.swift */,
				24D516D923BC8EEF002745EA /* EditNoteRouter.swift */,
				24D516DA23BC8EEF002745EA /* EditNoteModels.swift */,
				24D516DB23BC8EEF002745EA /* EditNoteViewController.swift */,
				24D516DC23BC8EEF002745EA /* EditNoteInteractor.swift */,
			);
			path = EditNote;
			sourceTree = "<group>";
		};
		24D516D523BC8D96002745EA /* ListNotes (Active Folder) */ = {
			isa = PBXGroup;
			children = (
				24D516FC23BC910A002745EA /* ListNotesPresenter.swift */,
				24D516FD23BC910A002745EA /* ListNotesWorker.swift */,
				24D516FE23BC910A002745EA /* ListNotesRouter.swift */,
				24D516FF23BC910A002745EA /* ListNotesModels.swift */,
				24D5170023BC910A002745EA /* ListNotesViewController.swift */,
				24D5170123BC910A002745EA /* ListNotesInteractor.swift */,
			);
			path = "ListNotes (Active Folder)";
			sourceTree = "<group>";
		};
		24D516D623BC8D9F002745EA /* RecycleBin */ = {
			isa = PBXGroup;
			children = (
				24D516F023BC90C3002745EA /* RecycleBinPresenter.swift */,
				24D516F123BC90C3002745EA /* RecycleBinWorker.swift */,
				24D516F223BC90C3002745EA /* RecycleBinRouter.swift */,
				24D516F323BC90C3002745EA /* RecycleBinModels.swift */,
				24D516F423BC90C3002745EA /* RecycleBinViewController.swift */,
				24D516F523BC90C3002745EA /* RecycleBinInteractor.swift */,
			);
			path = RecycleBin;
			sourceTree = "<group>";
		};
		24D516E323BC9086002745EA /* ListFolders */ = {
			isa = PBXGroup;
			children = (
				24D516E423BC90A2002745EA /* ListFoldersPresenter.swift */,
				24D516E523BC90A2002745EA /* ListFoldersWorker.swift */,
				24D516E623BC90A2002745EA /* ListFoldersRouter.swift */,
				24D516E723BC90A2002745EA /* ListFoldersModels.swift */,
				24D516E823BC90A2002745EA /* ListFoldersViewController.swift */,
				24D516E923BC90A2002745EA /* ListFoldersInteractor.swift */,
			);
			path = ListFolders;
			sourceTree = "<group>";
		};
/* End PBXGroup section */

/* Begin PBXNativeTarget section */
		24D5169D23BC8117002745EA /* QNotes */ = {
			isa = PBXNativeTarget;
			buildConfigurationList = 24D516CA23BC811B002745EA /* Build configuration list for PBXNativeTarget "QNotes" */;
			buildPhases = (
				24D5169A23BC8117002745EA /* Sources */,
				24D5169B23BC8117002745EA /* Frameworks */,
				24D5169C23BC8117002745EA /* Resources */,
			);
			buildRules = (
			);
			dependencies = (
			);
			name = QNotes;
			productName = QNotes;
			productReference = 24D5169E23BC8117002745EA /* QNotes.app */;
			productType = "com.apple.product-type.application";
		};
		24D516B523BC811B002745EA /* QNotesTests */ = {
			isa = PBXNativeTarget;
			buildConfigurationList = 24D516CD23BC811B002745EA /* Build configuration list for PBXNativeTarget "QNotesTests" */;
			buildPhases = (
				24D516B223BC811B002745EA /* Sources */,
				24D516B323BC811B002745EA /* Frameworks */,
				24D516B423BC811B002745EA /* Resources */,
			);
			buildRules = (
			);
			dependencies = (
				24D516B823BC811B002745EA /* PBXTargetDependency */,
			);
			name = QNotesTests;
			productName = QNotesTests;
			productReference = 24D516B623BC811B002745EA /* QNotesTests.xctest */;
			productType = "com.apple.product-type.bundle.unit-test";
		};
		24D516C023BC811B002745EA /* QNotesUITests */ = {
			isa = PBXNativeTarget;
			buildConfigurationList = 24D516D023BC811B002745EA /* Build configuration list for PBXNativeTarget "QNotesUITests" */;
			buildPhases = (
				24D516BD23BC811B002745EA /* Sources */,
				24D516BE23BC811B002745EA /* Frameworks */,
				24D516BF23BC811B002745EA /* Resources */,
			);
			buildRules = (
			);
			dependencies = (
				24D516C323BC811B002745EA /* PBXTargetDependency */,
			);
			name = QNotesUITests;
			productName = QNotesUITests;
			productReference = 24D516C123BC811B002745EA /* QNotesUITests.xctest */;
			productType = "com.apple.product-type.bundle.ui-testing";
		};
/* End PBXNativeTarget section */

/* Begin PBXProject section */
		24D5169623BC8117002745EA /* Project object */ = {
			isa = PBXProject;
			attributes = {
				LastSwiftUpdateCheck = 1130;
				LastUpgradeCheck = 1130;
				ORGANIZATIONNAME = "Meir Radnovich";
				TargetAttributes = {
					24D5169D23BC8117002745EA = {
						CreatedOnToolsVersion = 11.3;
					};
					24D516B523BC811B002745EA = {
						CreatedOnToolsVersion = 11.3;
						TestTargetID = 24D5169D23BC8117002745EA;
					};
					24D516C023BC811B002745EA = {
						CreatedOnToolsVersion = 11.3;
						TestTargetID = 24D5169D23BC8117002745EA;
					};
				};
			};
			buildConfigurationList = 24D5169923BC8117002745EA /* Build configuration list for PBXProject "QNotes" */;
			compatibilityVersion = "Xcode 9.3";
			developmentRegion = en;
			hasScannedForEncodings = 0;
			knownRegions = (
				en,
				Base,
			);
			mainGroup = 24D5169523BC8117002745EA;
			productRefGroup = 24D5169F23BC8117002745EA /* Products */;
			projectDirPath = "";
			projectRoot = "";
			targets = (
				24D5169D23BC8117002745EA /* QNotes */,
				24D516B523BC811B002745EA /* QNotesTests */,
				24D516C023BC811B002745EA /* QNotesUITests */,
			);
		};
/* End PBXProject section */

/* Begin PBXResourcesBuildPhase section */
		24D5169C23BC8117002745EA /* Resources */ = {
			isa = PBXResourcesBuildPhase;
			buildActionMask = 2147483647;
			files = (
				24D516B023BC811B002745EA /* LaunchScreen.storyboard in Resources */,
				24D516AD23BC811B002745EA /* Assets.xcassets in Resources */,
				24D516AB23BC8117002745EA /* Main.storyboard in Resources */,
			);
			runOnlyForDeploymentPostprocessing = 0;
		};
		24D516B423BC811B002745EA /* Resources */ = {
			isa = PBXResourcesBuildPhase;
			buildActionMask = 2147483647;
			files = (
			);
			runOnlyForDeploymentPostprocessing = 0;
		};
		24D516BF23BC811B002745EA /* Resources */ = {
			isa = PBXResourcesBuildPhase;
			buildActionMask = 2147483647;
			files = (
			);
			runOnlyForDeploymentPostprocessing = 0;
		};
/* End PBXResourcesBuildPhase section */

/* Begin PBXSourcesBuildPhase section */
		24D5169A23BC8117002745EA /* Sources */ = {
			isa = PBXSourcesBuildPhase;
			buildActionMask = 2147483647;
			files = (
				24D5170723BC910A002745EA /* ListNotesInteractor.swift in Sources */,
				24D516A223BC8117002745EA /* AppDelegate.swift in Sources */,
				24D5170623BC910A002745EA /* ListNotesViewController.swift in Sources */,
				24D5170223BC910A002745EA /* ListNotesPresenter.swift in Sources */,
				24D5170423BC910A002745EA /* ListNotesRouter.swift in Sources */,
				24D516EC23BC90A2002745EA /* ListFoldersRouter.swift in Sources */,
				24D516DE23BC8EEF002745EA /* EditNoteWorker.swift in Sources */,
				24D516A423BC8117002745EA /* SceneDelegate.swift in Sources */,
				24D516EA23BC90A2002745EA /* ListFoldersPresenter.swift in Sources */,
				24D516F923BC90C3002745EA /* RecycleBinModels.swift in Sources */,
				24D516F723BC90C3002745EA /* RecycleBinWorker.swift in Sources */,
				24D516FA23BC90C3002745EA /* RecycleBinViewController.swift in Sources */,
				24D516FB23BC90C3002745EA /* RecycleBinInteractor.swift in Sources */,
				24D5170523BC910A002745EA /* ListNotesModels.swift in Sources */,
				24D516F823BC90C3002745EA /* RecycleBinRouter.swift in Sources */,
				24D516F623BC90C3002745EA /* RecycleBinPresenter.swift in Sources */,
				24D516ED23BC90A2002745EA /* ListFoldersModels.swift in Sources */,
				24D516DF23BC8EEF002745EA /* EditNoteRouter.swift in Sources */,
				24D516EE23BC90A2002745EA /* ListFoldersViewController.swift in Sources */,
				24D5170323BC910A002745EA /* ListNotesWorker.swift in Sources */,
				24D516E123BC8EEF002745EA /* EditNoteViewController.swift in Sources */,
				24D516DD23BC8EEF002745EA /* EditNotePresenter.swift in Sources */,
				24D516EB23BC90A2002745EA /* ListFoldersWorker.swift in Sources */,
				24A2395323BCC64900D55B5D /* Note.swift in Sources */,
				24D516EF23BC90A2002745EA /* ListFoldersInteractor.swift in Sources */,
				24D516E223BC8EEF002745EA /* EditNoteInteractor.swift in Sources */,
				24D516E023BC8EEF002745EA /* EditNoteModels.swift in Sources */,
			);
			runOnlyForDeploymentPostprocessing = 0;
		};
		24D516B223BC811B002745EA /* Sources */ = {
			isa = PBXSourcesBuildPhase;
			buildActionMask = 2147483647;
			files = (
				24D516BB23BC811B002745EA /* QNotesTests.swift in Sources */,
			);
			runOnlyForDeploymentPostprocessing = 0;
		};
		24D516BD23BC811B002745EA /* Sources */ = {
			isa = PBXSourcesBuildPhase;
			buildActionMask = 2147483647;
			files = (
				24D516C623BC811B002745EA /* QNotesUITests.swift in Sources */,
			);
			runOnlyForDeploymentPostprocessing = 0;
		};
/* End PBXSourcesBuildPhase section */

/* Begin PBXTargetDependency section */
		24D516B823BC811B002745EA /* PBXTargetDependency */ = {
			isa = PBXTargetDependency;
			target = 24D5169D23BC8117002745EA /* QNotes */;
			targetProxy = 24D516B723BC811B002745EA /* PBXContainerItemProxy */;
		};
		24D516C323BC811B002745EA /* PBXTargetDependency */ = {
			isa = PBXTargetDependency;
			target = 24D5169D23BC8117002745EA /* QNotes */;
			targetProxy = 24D516C223BC811B002745EA /* PBXContainerItemProxy */;
		};
/* End PBXTargetDependency section */

/* Begin PBXVariantGroup section */
		24D516A923BC8117002745EA /* Main.storyboard */ = {
			isa = PBXVariantGroup;
			children = (
				24D516AA23BC8117002745EA /* Base */,
			);
			name = Main.storyboard;
			sourceTree = "<group>";
		};
		24D516AE23BC811B002745EA /* LaunchScreen.storyboard */ = {
			isa = PBXVariantGroup;
			children = (
				24D516AF23BC811B002745EA /* Base */,
			);
			name = LaunchScreen.storyboard;
			sourceTree = "<group>";
		};
/* End PBXVariantGroup section */

/* Begin XCBuildConfiguration section */
		24D516C823BC811B002745EA /* Debug */ = {
			isa = XCBuildConfiguration;
			buildSettings = {
				ALWAYS_SEARCH_USER_PATHS = NO;
				CLANG_ANALYZER_NONNULL = YES;
				CLANG_ANALYZER_NUMBER_OBJECT_CONVERSION = YES_AGGRESSIVE;
				CLANG_CXX_LANGUAGE_STANDARD = "gnu++14";
				CLANG_CXX_LIBRARY = "libc++";
				CLANG_ENABLE_MODULES = YES;
				CLANG_ENABLE_OBJC_ARC = YES;
				CLANG_ENABLE_OBJC_WEAK = YES;
				CLANG_WARN_BLOCK_CAPTURE_AUTORELEASING = YES;
				CLANG_WARN_BOOL_CONVERSION = YES;
				CLANG_WARN_COMMA = YES;
				CLANG_WARN_CONSTANT_CONVERSION = YES;
				CLANG_WARN_DEPRECATED_OBJC_IMPLEMENTATIONS = YES;
				CLANG_WARN_DIRECT_OBJC_ISA_USAGE = YES_ERROR;
				CLANG_WARN_DOCUMENTATION_COMMENTS = YES;
				CLANG_WARN_EMPTY_BODY = YES;
				CLANG_WARN_ENUM_CONVERSION = YES;
				CLANG_WARN_INFINITE_RECURSION = YES;
				CLANG_WARN_INT_CONVERSION = YES;
				CLANG_WARN_NON_LITERAL_NULL_CONVERSION = YES;
				CLANG_WARN_OBJC_IMPLICIT_RETAIN_SELF = YES;
				CLANG_WARN_OBJC_LITERAL_CONVERSION = YES;
				CLANG_WARN_OBJC_ROOT_CLASS = YES_ERROR;
				CLANG_WARN_RANGE_LOOP_ANALYSIS = YES;
				CLANG_WARN_STRICT_PROTOTYPES = YES;
				CLANG_WARN_SUSPICIOUS_MOVE = YES;
				CLANG_WARN_UNGUARDED_AVAILABILITY = YES_AGGRESSIVE;
				CLANG_WARN_UNREACHABLE_CODE = YES;
				CLANG_WARN__DUPLICATE_METHOD_MATCH = YES;
				COPY_PHASE_STRIP = NO;
				DEBUG_INFORMATION_FORMAT = dwarf;
				ENABLE_STRICT_OBJC_MSGSEND = YES;
				ENABLE_TESTABILITY = YES;
				GCC_C_LANGUAGE_STANDARD = gnu11;
				GCC_DYNAMIC_NO_PIC = NO;
				GCC_NO_COMMON_BLOCKS = YES;
				GCC_OPTIMIZATION_LEVEL = 0;
				GCC_PREPROCESSOR_DEFINITIONS = (
					"DEBUG=1",
					"$(inherited)",
				);
				GCC_WARN_64_TO_32_BIT_CONVERSION = YES;
				GCC_WARN_ABOUT_RETURN_TYPE = YES_ERROR;
				GCC_WARN_UNDECLARED_SELECTOR = YES;
				GCC_WARN_UNINITIALIZED_AUTOS = YES_AGGRESSIVE;
				GCC_WARN_UNUSED_FUNCTION = YES;
				GCC_WARN_UNUSED_VARIABLE = YES;
				IPHONEOS_DEPLOYMENT_TARGET = 13.2;
				MTL_ENABLE_DEBUG_INFO = INCLUDE_SOURCE;
				MTL_FAST_MATH = YES;
				ONLY_ACTIVE_ARCH = YES;
				SDKROOT = iphoneos;
				SWIFT_ACTIVE_COMPILATION_CONDITIONS = DEBUG;
				SWIFT_OPTIMIZATION_LEVEL = "-Onone";
			};
			name = Debug;
		};
		24D516C923BC811B002745EA /* Release */ = {
			isa = XCBuildConfiguration;
			buildSettings = {
				ALWAYS_SEARCH_USER_PATHS = NO;
				CLANG_ANALYZER_NONNULL = YES;
				CLANG_ANALYZER_NUMBER_OBJECT_CONVERSION = YES_AGGRESSIVE;
				CLANG_CXX_LANGUAGE_STANDARD = "gnu++14";
				CLANG_CXX_LIBRARY = "libc++";
				CLANG_ENABLE_MODULES = YES;
				CLANG_ENABLE_OBJC_ARC = YES;
				CLANG_ENABLE_OBJC_WEAK = YES;
				CLANG_WARN_BLOCK_CAPTURE_AUTORELEASING = YES;
				CLANG_WARN_BOOL_CONVERSION = YES;
				CLANG_WARN_COMMA = YES;
				CLANG_WARN_CONSTANT_CONVERSION = YES;
				CLANG_WARN_DEPRECATED_OBJC_IMPLEMENTATIONS = YES;
				CLANG_WARN_DIRECT_OBJC_ISA_USAGE = YES_ERROR;
				CLANG_WARN_DOCUMENTATION_COMMENTS = YES;
				CLANG_WARN_EMPTY_BODY = YES;
				CLANG_WARN_ENUM_CONVERSION = YES;
				CLANG_WARN_INFINITE_RECURSION = YES;
				CLANG_WARN_INT_CONVERSION = YES;
				CLANG_WARN_NON_LITERAL_NULL_CONVERSION = YES;
				CLANG_WARN_OBJC_IMPLICIT_RETAIN_SELF = YES;
				CLANG_WARN_OBJC_LITERAL_CONVERSION = YES;
				CLANG_WARN_OBJC_ROOT_CLASS = YES_ERROR;
				CLANG_WARN_RANGE_LOOP_ANALYSIS = YES;
				CLANG_WARN_STRICT_PROTOTYPES = YES;
				CLANG_WARN_SUSPICIOUS_MOVE = YES;
				CLANG_WARN_UNGUARDED_AVAILABILITY = YES_AGGRESSIVE;
				CLANG_WARN_UNREACHABLE_CODE = YES;
				CLANG_WARN__DUPLICATE_METHOD_MATCH = YES;
				COPY_PHASE_STRIP = NO;
				DEBUG_INFORMATION_FORMAT = "dwarf-with-dsym";
				ENABLE_NS_ASSERTIONS = NO;
				ENABLE_STRICT_OBJC_MSGSEND = YES;
				GCC_C_LANGUAGE_STANDARD = gnu11;
				GCC_NO_COMMON_BLOCKS = YES;
				GCC_WARN_64_TO_32_BIT_CONVERSION = YES;
				GCC_WARN_ABOUT_RETURN_TYPE = YES_ERROR;
				GCC_WARN_UNDECLARED_SELECTOR = YES;
				GCC_WARN_UNINITIALIZED_AUTOS = YES_AGGRESSIVE;
				GCC_WARN_UNUSED_FUNCTION = YES;
				GCC_WARN_UNUSED_VARIABLE = YES;
				IPHONEOS_DEPLOYMENT_TARGET = 13.2;
				MTL_ENABLE_DEBUG_INFO = NO;
				MTL_FAST_MATH = YES;
				SDKROOT = iphoneos;
				SWIFT_COMPILATION_MODE = wholemodule;
				SWIFT_OPTIMIZATION_LEVEL = "-O";
				VALIDATE_PRODUCT = YES;
			};
			name = Release;
		};
		24D516CB23BC811B002745EA /* Debug */ = {
			isa = XCBuildConfiguration;
			buildSettings = {
				ASSETCATALOG_COMPILER_APPICON_NAME = AppIcon;
				CODE_SIGN_STYLE = Automatic;
				DEVELOPMENT_TEAM = 6D4W6GQ4CC;
				INFOPLIST_FILE = QNotes/Info.plist;
				LD_RUNPATH_SEARCH_PATHS = (
					"$(inherited)",
					"@executable_path/Frameworks",
				);
				PRODUCT_BUNDLE_IDENTIFIER = com.radnovich.QuickodeNotes;
				PRODUCT_NAME = "$(TARGET_NAME)";
				SWIFT_VERSION = 5.0;
				TARGETED_DEVICE_FAMILY = "1,2";
			};
			name = Debug;
		};
		24D516CC23BC811B002745EA /* Release */ = {
			isa = XCBuildConfiguration;
			buildSettings = {
				ASSETCATALOG_COMPILER_APPICON_NAME = AppIcon;
				CODE_SIGN_STYLE = Automatic;
				DEVELOPMENT_TEAM = 6D4W6GQ4CC;
				INFOPLIST_FILE = QNotes/Info.plist;
				LD_RUNPATH_SEARCH_PATHS = (
					"$(inherited)",
					"@executable_path/Frameworks",
				);
				PRODUCT_BUNDLE_IDENTIFIER = com.radnovich.QuickodeNotes;
				PRODUCT_NAME = "$(TARGET_NAME)";
				SWIFT_VERSION = 5.0;
				TARGETED_DEVICE_FAMILY = "1,2";
			};
			name = Release;
		};
		24D516CE23BC811B002745EA /* Debug */ = {
			isa = XCBuildConfiguration;
			buildSettings = {
				ALWAYS_EMBED_SWIFT_STANDARD_LIBRARIES = YES;
				BUNDLE_LOADER = "$(TEST_HOST)";
				CODE_SIGN_STYLE = Automatic;
				DEVELOPMENT_TEAM = WSGGQUJ7UC;
				INFOPLIST_FILE = QNotesTests/Info.plist;
				IPHONEOS_DEPLOYMENT_TARGET = 13.2;
				LD_RUNPATH_SEARCH_PATHS = (
					"$(inherited)",
					"@executable_path/Frameworks",
					"@loader_path/Frameworks",
				);
				PRODUCT_BUNDLE_IDENTIFIER = com.radnovich.QNotesTests;
				PRODUCT_NAME = "$(TARGET_NAME)";
				SWIFT_VERSION = 5.0;
				TARGETED_DEVICE_FAMILY = "1,2";
				TEST_HOST = "$(BUILT_PRODUCTS_DIR)/QNotes.app/QNotes";
			};
			name = Debug;
		};
		24D516CF23BC811B002745EA /* Release */ = {
			isa = XCBuildConfiguration;
			buildSettings = {
				ALWAYS_EMBED_SWIFT_STANDARD_LIBRARIES = YES;
				BUNDLE_LOADER = "$(TEST_HOST)";
				CODE_SIGN_STYLE = Automatic;
				DEVELOPMENT_TEAM = WSGGQUJ7UC;
				INFOPLIST_FILE = QNotesTests/Info.plist;
				IPHONEOS_DEPLOYMENT_TARGET = 13.2;
				LD_RUNPATH_SEARCH_PATHS = (
					"$(inherited)",
					"@executable_path/Frameworks",
					"@loader_path/Frameworks",
				);
				PRODUCT_BUNDLE_IDENTIFIER = com.radnovich.QNotesTests;
				PRODUCT_NAME = "$(TARGET_NAME)";
				SWIFT_VERSION = 5.0;
				TARGETED_DEVICE_FAMILY = "1,2";
				TEST_HOST = "$(BUILT_PRODUCTS_DIR)/QNotes.app/QNotes";
			};
			name = Release;
		};
		24D516D123BC811B002745EA /* Debug */ = {
			isa = XCBuildConfiguration;
			buildSettings = {
				ALWAYS_EMBED_SWIFT_STANDARD_LIBRARIES = YES;
				CODE_SIGN_STYLE = Automatic;
				DEVELOPMENT_TEAM = WSGGQUJ7UC;
				INFOPLIST_FILE = QNotesUITests/Info.plist;
				LD_RUNPATH_SEARCH_PATHS = (
					"$(inherited)",
					"@executable_path/Frameworks",
					"@loader_path/Frameworks",
				);
				PRODUCT_BUNDLE_IDENTIFIER = com.radnovich.QNotesUITests;
				PRODUCT_NAME = "$(TARGET_NAME)";
				SWIFT_VERSION = 5.0;
				TARGETED_DEVICE_FAMILY = "1,2";
				TEST_TARGET_NAME = QNotes;
			};
			name = Debug;
		};
		24D516D223BC811B002745EA /* Release */ = {
			isa = XCBuildConfiguration;
			buildSettings = {
				ALWAYS_EMBED_SWIFT_STANDARD_LIBRARIES = YES;
				CODE_SIGN_STYLE = Automatic;
				DEVELOPMENT_TEAM = WSGGQUJ7UC;
				INFOPLIST_FILE = QNotesUITests/Info.plist;
				LD_RUNPATH_SEARCH_PATHS = (
					"$(inherited)",
					"@executable_path/Frameworks",
					"@loader_path/Frameworks",
				);
				PRODUCT_BUNDLE_IDENTIFIER = com.radnovich.QNotesUITests;
				PRODUCT_NAME = "$(TARGET_NAME)";
				SWIFT_VERSION = 5.0;
				TARGETED_DEVICE_FAMILY = "1,2";
				TEST_TARGET_NAME = QNotes;
			};
			name = Release;
		};
/* End XCBuildConfiguration section */

/* Begin XCConfigurationList section */
		24D5169923BC8117002745EA /* Build configuration list for PBXProject "QNotes" */ = {
			isa = XCConfigurationList;
			buildConfigurations = (
				24D516C823BC811B002745EA /* Debug */,
				24D516C923BC811B002745EA /* Release */,
			);
			defaultConfigurationIsVisible = 0;
			defaultConfigurationName = Release;
		};
		24D516CA23BC811B002745EA /* Build configuration list for PBXNativeTarget "QNotes" */ = {
			isa = XCConfigurationList;
			buildConfigurations = (
				24D516CB23BC811B002745EA /* Debug */,
				24D516CC23BC811B002745EA /* Release */,
			);
			defaultConfigurationIsVisible = 0;
			defaultConfigurationName = Release;
		};
		24D516CD23BC811B002745EA /* Build configuration list for PBXNativeTarget "QNotesTests" */ = {
			isa = XCConfigurationList;
			buildConfigurations = (
				24D516CE23BC811B002745EA /* Debug */,
				24D516CF23BC811B002745EA /* Release */,
			);
			defaultConfigurationIsVisible = 0;
			defaultConfigurationName = Release;
		};
		24D516D023BC811B002745EA /* Build configuration list for PBXNativeTarget "QNotesUITests" */ = {
			isa = XCConfigurationList;
			buildConfigurations = (
				24D516D123BC811B002745EA /* Debug */,
				24D516D223BC811B002745EA /* Release */,
			);
			defaultConfigurationIsVisible = 0;
			defaultConfigurationName = Release;
		};
/* End XCConfigurationList section */
	};
	rootObject = 24D5169623BC8117002745EA /* Project object */;
}
